
Microsoft Visual Studio Solution File, Format Version 12.00
# Visual Studio Version 17
VisualStudioVersion = 17.10.35013.160
MinimumVisualStudioVersion = 10.0.40219.1
Project("{FAE04EC0-301F-11D3-BF4B-00C04F79EFBC}") = "8(Задачи)", "8(Задачи)\8(Задачи).csproj", "{1C4284AA-A7A4-4713-95F7-22C80F4EEB08}"
EndProject
Global
	GlobalSection(SolutionConfigurationPlatforms) = preSolution
		Debug|Any CPU = Debug|Any CPU
		Release|Any CPU = Release|Any CPU
	EndGlobalSection
	GlobalSection(ProjectConfigurationPlatforms) = postSolution
		{1C4284AA-A7A4-4713-95F7-22C80F4EEB08}.Debug|Any CPU.ActiveCfg = Debug|Any CPU
		{1C4284AA-A7A4-4713-95F7-22C80F4EEB08}.Debug|Any CPU.Build.0 = Debug|Any CPU
		{1C4284AA-A7A4-4713-95F7-22C80F4EEB08}.Release|Any CPU.ActiveCfg = Release|Any CPU
		{1C4284AA-A7A4-4713-95F7-22C80F4EEB08}.Release|Any CPU.Build.0 = Release|Any CPU
	EndGlobalSection
	GlobalSection(SolutionProperties) = preSolution
		HideSolutionNode = FALSE
	EndGlobalSection
	GlobalSection(ExtensibilityGlobals) = postSolution
		SolutionGuid = {3DD18A11-1A30-45BC-954A-74CC8754E07B}
	EndGlobalSection
EndGlobal
